
Microsoft Visual Studio Solution File, Format Version 11.00
# Visual Studio 2010
Project("{FAE04EC0-301F-11D3-BF4B-00C04F79EFBC}") = "PACT.DBHandler", "PACT.DBHandler\PACT.DBHandler.csproj", "{4A901CF9-3AB8-42AC-995C-C35B14AE7035}"
	ProjectSection(ProjectDependencies) = postProject
		{B2C41815-B09D-414C-94F1-F1CBFF97A1A8} = {B2C41815-B09D-414C-94F1-F1CBFF97A1A8}
	EndProjectSection
EndProject
Project("{FAE04EC0-301F-11D3-BF4B-00C04F79EFBC}") = "TestClientDBHandler", "TestClientDBHandler\TestClientDBHandler.csproj", "{541C67C2-9161-49B1-9F83-8D7BFC071088}"
EndProject
Project("{FAE04EC0-301F-11D3-BF4B-00C04F79EFBC}") = "PACT.Service", "..\PACT.Service\PACT.Service\PACT.Service.csproj", "{B2C41815-B09D-414C-94F1-F1CBFF97A1A8}"
EndProject
Global
	GlobalSection(SourceCodeControl) = preSolution
		SccNumberOfProjects = 4
		SccProjectName0 = \u0022$/PACT2.0/PACT.DBHandler\u0022,\u0020VNFBAAAA
		SccLocalPath0 = ..
		SccProvider0 = MSSCCI:Microsoft\u0020Visual\u0020SourceSafe
		SccProjectFilePathRelativizedFromConnection0 = PACT.DBHandler\\
		SccProjectUniqueName1 = PACT.DBHandler\\PACT.DBHandler.csproj
		SccLocalPath1 = ..
		SccProjectFilePathRelativizedFromConnection1 = PACT.DBHandler\\PACT.DBHandler\\
		SccProjectUniqueName2 = TestClientDBHandler\\TestClientDBHandler.csproj
		SccLocalPath2 = ..
		SccProjectFilePathRelativizedFromConnection2 = PACT.DBHandler\\TestClientDBHandler\\
		SccProjectUniqueName3 = ..\\PACT.Service\\PACT.Service\\PACT.Service.csproj
		SccLocalPath3 = ..
		SccProjectFilePathRelativizedFromConnection3 = PACT.Service\\PACT.Service\\
	EndGlobalSection
	GlobalSection(SolutionConfigurationPlatforms) = preSolution
		Debug|Any CPU = Debug|Any CPU
		Debug|Mixed Platforms = Debug|Mixed Platforms
		Debug|x86 = Debug|x86
		Release|Any CPU = Release|Any CPU
		Release|Mixed Platforms = Release|Mixed Platforms
		Release|x86 = Release|x86
	EndGlobalSection
	GlobalSection(ProjectConfigurationPlatforms) = postSolution
		{4A901CF9-3AB8-42AC-995C-C35B14AE7035}.Debug|Any CPU.ActiveCfg = Debug|Any CPU
		{4A901CF9-3AB8-42AC-995C-C35B14AE7035}.Debug|Any CPU.Build.0 = Debug|Any CPU
		{4A901CF9-3AB8-42AC-995C-C35B14AE7035}.Debug|Mixed Platforms.ActiveCfg = Debug|Any CPU
		{4A901CF9-3AB8-42AC-995C-C35B14AE7035}.Debug|Mixed Platforms.Build.0 = Debug|Any CPU
		{4A901CF9-3AB8-42AC-995C-C35B14AE7035}.Debug|x86.ActiveCfg = Debug|Any CPU
		{4A901CF9-3AB8-42AC-995C-C35B14AE7035}.Release|Any CPU.ActiveCfg = Release|Any CPU
		{4A901CF9-3AB8-42AC-995C-C35B14AE7035}.Release|Any CPU.Build.0 = Release|Any CPU
		{4A901CF9-3AB8-42AC-995C-C35B14AE7035}.Release|Mixed Platforms.ActiveCfg = Release|Any CPU
		{4A901CF9-3AB8-42AC-995C-C35B14AE7035}.Release|Mixed Platforms.Build.0 = Release|Any CPU
		{4A901CF9-3AB8-42AC-995C-C35B14AE7035}.Release|x86.ActiveCfg = Release|Any CPU
		{541C67C2-9161-49B1-9F83-8D7BFC071088}.Debug|Any CPU.ActiveCfg = Debug|x86
		{541C67C2-9161-49B1-9F83-8D7BFC071088}.Debug|Mixed Platforms.ActiveCfg = Debug|x86
		{541C67C2-9161-49B1-9F83-8D7BFC071088}.Debug|Mixed Platforms.Build.0 = Debug|x86
		{541C67C2-9161-49B1-9F83-8D7BFC071088}.Debug|x86.ActiveCfg = Debug|x86
		{541C67C2-9161-49B1-9F83-8D7BFC071088}.Debug|x86.Build.0 = Debug|x86
		{541C67C2-9161-49B1-9F83-8D7BFC071088}.Release|Any CPU.ActiveCfg = Release|x86
		{541C67C2-9161-49B1-9F83-8D7BFC071088}.Release|Mixed Platforms.ActiveCfg = Release|x86
		{541C67C2-9161-49B1-9F83-8D7BFC071088}.Release|Mixed Platforms.Build.0 = Release|x86
		{541C67C2-9161-49B1-9F83-8D7BFC071088}.Release|x86.ActiveCfg = Release|x86
		{541C67C2-9161-49B1-9F83-8D7BFC071088}.Release|x86.Build.0 = Release|x86
		{B2C41815-B09D-414C-94F1-F1CBFF97A1A8}.Debug|Any CPU.ActiveCfg = Debug|Any CPU
		{B2C41815-B09D-414C-94F1-F1CBFF97A1A8}.Debug|Any CPU.Build.0 = Debug|Any CPU
		{B2C41815-B09D-414C-94F1-F1CBFF97A1A8}.Debug|Mixed Platforms.ActiveCfg = Debug|Any CPU
		{B2C41815-B09D-414C-94F1-F1CBFF97A1A8}.Debug|Mixed Platforms.Build.0 = Debug|Any CPU
		{B2C41815-B09D-414C-94F1-F1CBFF97A1A8}.Debug|x86.ActiveCfg = Debug|Any CPU
		{B2C41815-B09D-414C-94F1-F1CBFF97A1A8}.Release|Any CPU.ActiveCfg = Release|Any CPU
		{B2C41815-B09D-414C-94F1-F1CBFF97A1A8}.Release|Any CPU.Build.0 = Release|Any CPU
		{B2C41815-B09D-414C-94F1-F1CBFF97A1A8}.Release|Mixed Platforms.ActiveCfg = Release|Any CPU
		{B2C41815-B09D-414C-94F1-F1CBFF97A1A8}.Release|Mixed Platforms.Build.0 = Release|Any CPU
		{B2C41815-B09D-414C-94F1-F1CBFF97A1A8}.Release|x86.ActiveCfg = Release|Any CPU
	EndGlobalSection
	GlobalSection(SolutionProperties) = preSolution
		HideSolutionNode = FALSE
	EndGlobalSection
EndGlobal
